{
  "version": 4,
  "terraform_version": "1.3.6",
  "serial": 20,
  "lineage": "844d1edd-baf8-b653-cce3-7611af0d5332",
  "outputs": {},
  "resources": [
    {
      "mode": "managed",
      "type": "azurerm_resource_group",
      "name": "devopsb30azrg",
      "provider": "provider[\"registry.terraform.io/hashicorp/azurerm\"]",
      "instances": [
        {
          "schema_version": 0,
          "attributes": {
            "id": "/subscriptions/deb4553c-6d44-4a02-8ac2-1b62122f306e/resourceGroups/devopsb30azrg",
            "location": "eastus",
            "name": "devopsb30azrg",
            "tags": {},
            "timeouts": null
          },
          "sensitive_attributes": [],
          "private": "eyJlMmJmYjczMC1lY2FhLTExZTYtOGY4OC0zNDM2M2JjN2M0YzAiOnsiY3JlYXRlIjo1NDAwMDAwMDAwMDAwLCJkZWxldGUiOjU0MDAwMDAwMDAwMDAsInJlYWQiOjMwMDAwMDAwMDAwMCwidXBkYXRlIjo1NDAwMDAwMDAwMDAwfX0="
        }
      ]
    },
    {
      "mode": "managed",
      "type": "azurerm_resource_group",
      "name": "devopsb30terraformstate",
      "provider": "provider[\"registry.terraform.io/hashicorp/azurerm\"]",
      "instances": [
        {
          "schema_version": 0,
          "attributes": {
            "id": "/subscriptions/deb4553c-6d44-4a02-8ac2-1b62122f306e/resourceGroups/devopsb30terraformstate",
            "location": "eastus",
            "name": "devopsb30terraformstate",
            "tags": null,
            "timeouts": null
          },
          "sensitive_attributes": [],
          "private": "eyJlMmJmYjczMC1lY2FhLTExZTYtOGY4OC0zNDM2M2JjN2M0YzAiOnsiY3JlYXRlIjo1NDAwMDAwMDAwMDAwLCJkZWxldGUiOjU0MDAwMDAwMDAwMDAsInJlYWQiOjMwMDAwMDAwMDAwMCwidXBkYXRlIjo1NDAwMDAwMDAwMDAwfX0="
        }
      ]
    },
    {
      "mode": "managed",
      "type": "azurerm_subnet",
      "name": "subnet-1",
      "provider": "provider[\"registry.terraform.io/hashicorp/azurerm\"]",
      "instances": [
        {
          "schema_version": 0,
          "attributes": {
            "address_prefixes": [
              "10.30.1.0/24"
            ],
            "delegation": [],
            "enforce_private_link_endpoint_network_policies": false,
            "enforce_private_link_service_network_policies": false,
            "id": "/subscriptions/deb4553c-6d44-4a02-8ac2-1b62122f306e/resourceGroups/devopsb30azrg/providers/Microsoft.Network/virtualNetworks/devopsb30azrg-vnet1/subnets/subnet-1",
            "name": "subnet-1",
            "private_endpoint_network_policies_enabled": true,
            "private_link_service_network_policies_enabled": true,
            "resource_group_name": "devopsb30azrg",
            "service_endpoint_policy_ids": [],
            "service_endpoints": [],
            "timeouts": null,
            "virtual_network_name": "devopsb30azrg-vnet1"
          },
          "sensitive_attributes": [],
          "private": "eyJlMmJmYjczMC1lY2FhLTExZTYtOGY4OC0zNDM2M2JjN2M0YzAiOnsiY3JlYXRlIjoxODAwMDAwMDAwMDAwLCJkZWxldGUiOjE4MDAwMDAwMDAwMDAsInJlYWQiOjMwMDAwMDAwMDAwMCwidXBkYXRlIjoxODAwMDAwMDAwMDAwfX0=",
          "dependencies": [
            "azurerm_resource_group.devopsb30azrg",
            "azurerm_virtual_network.devopsb30azrg-vnet1"
          ]
        }
      ]
    },
    {
      "mode": "managed",
      "type": "azurerm_subnet",
      "name": "subnet-2",
      "provider": "provider[\"registry.terraform.io/hashicorp/azurerm\"]",
      "instances": [
        {
          "schema_version": 0,
          "attributes": {
            "address_prefixes": [
              "10.30.2.0/24"
            ],
            "delegation": [],
            "enforce_private_link_endpoint_network_policies": false,
            "enforce_private_link_service_network_policies": false,
            "id": "/subscriptions/deb4553c-6d44-4a02-8ac2-1b62122f306e/resourceGroups/devopsb30azrg/providers/Microsoft.Network/virtualNetworks/devopsb30azrg-vnet1/subnets/subnet-2",
            "name": "subnet-2",
            "private_endpoint_network_policies_enabled": true,
            "private_link_service_network_policies_enabled": true,
            "resource_group_name": "devopsb30azrg",
            "service_endpoint_policy_ids": [],
            "service_endpoints": [],
            "timeouts": null,
            "virtual_network_name": "devopsb30azrg-vnet1"
          },
          "sensitive_attributes": [],
          "private": "eyJlMmJmYjczMC1lY2FhLTExZTYtOGY4OC0zNDM2M2JjN2M0YzAiOnsiY3JlYXRlIjoxODAwMDAwMDAwMDAwLCJkZWxldGUiOjE4MDAwMDAwMDAwMDAsInJlYWQiOjMwMDAwMDAwMDAwMCwidXBkYXRlIjoxODAwMDAwMDAwMDAwfX0=",
          "dependencies": [
            "azurerm_resource_group.devopsb30azrg",
            "azurerm_virtual_network.devopsb30azrg-vnet1"
          ]
        }
      ]
    },
    {
      "mode": "managed",
      "type": "azurerm_subnet",
      "name": "subnet-3",
      "provider": "provider[\"registry.terraform.io/hashicorp/azurerm\"]",
      "instances": [
        {
          "schema_version": 0,
          "attributes": {
            "address_prefixes": [
              "10.30.3.0/24"
            ],
            "delegation": [],
            "enforce_private_link_endpoint_network_policies": false,
            "enforce_private_link_service_network_policies": false,
            "id": "/subscriptions/deb4553c-6d44-4a02-8ac2-1b62122f306e/resourceGroups/devopsb30azrg/providers/Microsoft.Network/virtualNetworks/devopsb30azrg-vnet1/subnets/subnet-3",
            "name": "subnet-3",
            "private_endpoint_network_policies_enabled": true,
            "private_link_service_network_policies_enabled": true,
            "resource_group_name": "devopsb30azrg",
            "service_endpoint_policy_ids": [],
            "service_endpoints": [],
            "timeouts": null,
            "virtual_network_name": "devopsb30azrg-vnet1"
          },
          "sensitive_attributes": [],
          "private": "eyJlMmJmYjczMC1lY2FhLTExZTYtOGY4OC0zNDM2M2JjN2M0YzAiOnsiY3JlYXRlIjoxODAwMDAwMDAwMDAwLCJkZWxldGUiOjE4MDAwMDAwMDAwMDAsInJlYWQiOjMwMDAwMDAwMDAwMCwidXBkYXRlIjoxODAwMDAwMDAwMDAwfX0=",
          "dependencies": [
            "azurerm_resource_group.devopsb30azrg",
            "azurerm_virtual_network.devopsb30azrg-vnet1"
          ]
        }
      ]
    },
    {
      "mode": "managed",
      "type": "azurerm_subnet",
      "name": "subnet-4",
      "provider": "provider[\"registry.terraform.io/hashicorp/azurerm\"]",
      "instances": [
        {
          "schema_version": 0,
          "attributes": {
            "address_prefixes": [
              "10.30.4.0/24"
            ],
            "delegation": [],
            "enforce_private_link_endpoint_network_policies": false,
            "enforce_private_link_service_network_policies": false,
            "id": "/subscriptions/deb4553c-6d44-4a02-8ac2-1b62122f306e/resourceGroups/devopsb30azrg/providers/Microsoft.Network/virtualNetworks/devopsb30azrg-vnet1/subnets/subnet-4",
            "name": "subnet-4",
            "private_endpoint_network_policies_enabled": true,
            "private_link_service_network_policies_enabled": true,
            "resource_group_name": "devopsb30azrg",
            "service_endpoint_policy_ids": [],
            "service_endpoints": [],
            "timeouts": null,
            "virtual_network_name": "devopsb30azrg-vnet1"
          },
          "sensitive_attributes": [],
          "private": "eyJlMmJmYjczMC1lY2FhLTExZTYtOGY4OC0zNDM2M2JjN2M0YzAiOnsiY3JlYXRlIjoxODAwMDAwMDAwMDAwLCJkZWxldGUiOjE4MDAwMDAwMDAwMDAsInJlYWQiOjMwMDAwMDAwMDAwMCwidXBkYXRlIjoxODAwMDAwMDAwMDAwfX0=",
          "dependencies": [
            "azurerm_resource_group.devopsb30azrg",
            "azurerm_virtual_network.devopsb30azrg-vnet1"
          ]
        }
      ]
    },
    {
      "mode": "managed",
      "type": "azurerm_subnet",
      "name": "subnet-5",
      "provider": "provider[\"registry.terraform.io/hashicorp/azurerm\"]",
      "instances": [
        {
          "schema_version": 0,
          "attributes": {
            "address_prefixes": [
              "10.30.5.0/24"
            ],
            "delegation": [],
            "enforce_private_link_endpoint_network_policies": false,
            "enforce_private_link_service_network_policies": false,
            "id": "/subscriptions/deb4553c-6d44-4a02-8ac2-1b62122f306e/resourceGroups/devopsb30azrg/providers/Microsoft.Network/virtualNetworks/devopsb30azrg-vnet1/subnets/subnet-5",
            "name": "subnet-5",
            "private_endpoint_network_policies_enabled": true,
            "private_link_service_network_policies_enabled": true,
            "resource_group_name": "devopsb30azrg",
            "service_endpoint_policy_ids": [],
            "service_endpoints": [],
            "timeouts": null,
            "virtual_network_name": "devopsb30azrg-vnet1"
          },
          "sensitive_attributes": [],
          "private": "eyJlMmJmYjczMC1lY2FhLTExZTYtOGY4OC0zNDM2M2JjN2M0YzAiOnsiY3JlYXRlIjoxODAwMDAwMDAwMDAwLCJkZWxldGUiOjE4MDAwMDAwMDAwMDAsInJlYWQiOjMwMDAwMDAwMDAwMCwidXBkYXRlIjoxODAwMDAwMDAwMDAwfX0=",
          "dependencies": [
            "azurerm_resource_group.devopsb30azrg",
            "azurerm_virtual_network.devopsb30azrg-vnet1"
          ]
        }
      ]
    },
    {
      "mode": "managed",
      "type": "azurerm_virtual_network",
      "name": "devopsb30azrg-vnet1",
      "provider": "provider[\"registry.terraform.io/hashicorp/azurerm\"]",
      "instances": [
        {
          "schema_version": 0,
          "attributes": {
            "address_space": [
              "10.30.0.0/16"
            ],
            "bgp_community": "",
            "ddos_protection_plan": [],
            "dns_servers": [],
            "edge_zone": "",
            "flow_timeout_in_minutes": 0,
            "guid": "a8a518a0-e75f-4225-837c-ba337c614406",
            "id": "/subscriptions/deb4553c-6d44-4a02-8ac2-1b62122f306e/resourceGroups/devopsb30azrg/providers/Microsoft.Network/virtualNetworks/devopsb30azrg-vnet1",
            "location": "eastus",
            "name": "devopsb30azrg-vnet1",
            "resource_group_name": "devopsb30azrg",
            "subnet": [
              {
                "address_prefix": "10.30.1.0/24",
                "id": "/subscriptions/deb4553c-6d44-4a02-8ac2-1b62122f306e/resourceGroups/devopsb30azrg/providers/Microsoft.Network/virtualNetworks/devopsb30azrg-vnet1/subnets/subnet-1",
                "name": "subnet-1",
                "security_group": ""
              },
              {
                "address_prefix": "10.30.2.0/24",
                "id": "/subscriptions/deb4553c-6d44-4a02-8ac2-1b62122f306e/resourceGroups/devopsb30azrg/providers/Microsoft.Network/virtualNetworks/devopsb30azrg-vnet1/subnets/subnet-2",
                "name": "subnet-2",
                "security_group": ""
              },
              {
                "address_prefix": "10.30.3.0/24",
                "id": "/subscriptions/deb4553c-6d44-4a02-8ac2-1b62122f306e/resourceGroups/devopsb30azrg/providers/Microsoft.Network/virtualNetworks/devopsb30azrg-vnet1/subnets/subnet-3",
                "name": "subnet-3",
                "security_group": ""
              },
              {
                "address_prefix": "10.30.4.0/24",
                "id": "/subscriptions/deb4553c-6d44-4a02-8ac2-1b62122f306e/resourceGroups/devopsb30azrg/providers/Microsoft.Network/virtualNetworks/devopsb30azrg-vnet1/subnets/subnet-4",
                "name": "subnet-4",
                "security_group": ""
              },
              {
                "address_prefix": "10.30.5.0/24",
                "id": "/subscriptions/deb4553c-6d44-4a02-8ac2-1b62122f306e/resourceGroups/devopsb30azrg/providers/Microsoft.Network/virtualNetworks/devopsb30azrg-vnet1/subnets/subnet-5",
                "name": "subnet-5",
                "security_group": ""
              }
            ],
            "tags": {},
            "timeouts": null
          },
          "sensitive_attributes": [],
          "private": "eyJlMmJmYjczMC1lY2FhLTExZTYtOGY4OC0zNDM2M2JjN2M0YzAiOnsiY3JlYXRlIjoxODAwMDAwMDAwMDAwLCJkZWxldGUiOjE4MDAwMDAwMDAwMDAsInJlYWQiOjMwMDAwMDAwMDAwMCwidXBkYXRlIjoxODAwMDAwMDAwMDAwfX0=",
          "dependencies": [
            "azurerm_resource_group.devopsb30azrg"
          ]
        }
      ]
    }
  ],
  "check_results": null
}
